
Microsoft Visual Studio Solution File, Format Version 11.00
# Visual Studio 2010
Project("{A0786B88-2ADB-4C21-ABE8-AA2D79766269}") = "HomeFinance", "HomeFinance.phpproj", "{9CB3719D-F841-4512-90C7-3E1756B9659D}"
EndProject
Global
	GlobalSection(SolutionConfigurationPlatforms) = preSolution
		Debug|Any CPU = Debug|Any CPU
		Release|Any CPU = Release|Any CPU
	EndGlobalSection
	GlobalSection(ProjectConfigurationPlatforms) = postSolution
		{9CB3719D-F841-4512-90C7-3E1756B9659D}.Debug|Any CPU.ActiveCfg = Debug|Any CPU
		{9CB3719D-F841-4512-90C7-3E1756B9659D}.Debug|Any CPU.Build.0 = Debug|Any CPU
		{9CB3719D-F841-4512-90C7-3E1756B9659D}.Release|Any CPU.ActiveCfg = Release|Any CPU
		{9CB3719D-F841-4512-90C7-3E1756B9659D}.Release|Any CPU.Build.0 = Release|Any CPU
	EndGlobalSection
	GlobalSection(SolutionProperties) = preSolution
		HideSolutionNode = FALSE
	EndGlobalSection
EndGlobal
